
Microsoft Visual Studio Solution File, Format Version 12.00
# Visual Studio Version 16
VisualStudioVersion = 16.0.29306.81
MinimumVisualStudioVersion = 10.0.40219.1
Project("{9A19103F-16F7-4668-BE54-9A1E7A4F7556}") = "FunctionTriggers", "FunctionTriggers\FunctionTriggers.csproj", "{27A8B2FF-8FF8-48E5-82DE-9A7368C0C88E}"
EndProject
Global
	GlobalSection(SolutionConfigurationPlatforms) = preSolution
		Debug|Any CPU = Debug|Any CPU
		Release|Any CPU = Release|Any CPU
	EndGlobalSection
	GlobalSection(ProjectConfigurationPlatforms) = postSolution
		{27A8B2FF-8FF8-48E5-82DE-9A7368C0C88E}.Debug|Any CPU.ActiveCfg = Debug|Any CPU
		{27A8B2FF-8FF8-48E5-82DE-9A7368C0C88E}.Debug|Any CPU.Build.0 = Debug|Any CPU
		{27A8B2FF-8FF8-48E5-82DE-9A7368C0C88E}.Release|Any CPU.ActiveCfg = Release|Any CPU
		{27A8B2FF-8FF8-48E5-82DE-9A7368C0C88E}.Release|Any CPU.Build.0 = Release|Any CPU
	EndGlobalSection
	GlobalSection(SolutionProperties) = preSolution
		HideSolutionNode = FALSE
	EndGlobalSection
	GlobalSection(ExtensibilityGlobals) = postSolution
		SolutionGuid = {B1378B30-6207-4BA5-85DE-C20D42627C93}
	EndGlobalSection
EndGlobal
